
Microsoft Visual Studio Solution File, Format Version 12.00
# Visual Studio Version 17
VisualStudioVersion = 17.8.34511.84
MinimumVisualStudioVersion = 10.0.40219.1
Project("{9A19103F-16F7-4668-BE54-9A1E7A4F7556}") = "FileUploadServer", "FileUploadService\FileUploadServer.csproj", "{E6421DA2-D2B7-4B43-B526-A440F39910F2}"
EndProject
Project("{FAE04EC0-301F-11D3-BF4B-00C04F79EFBC}") = "FileUploadService.Tests", "FileUploadService.Tests\FileUploadService.Tests.csproj", "{EA4461F1-80B5-4D40-A4A2-8FE27714956D}"
EndProject
Global
	GlobalSection(SolutionConfigurationPlatforms) = preSolution
		Debug|Any CPU = Debug|Any CPU
		Release|Any CPU = Release|Any CPU
	EndGlobalSection
	GlobalSection(ProjectConfigurationPlatforms) = postSolution
		{E6421DA2-D2B7-4B43-B526-A440F39910F2}.Debug|Any CPU.ActiveCfg = Debug|Any CPU
		{E6421DA2-D2B7-4B43-B526-A440F39910F2}.Debug|Any CPU.Build.0 = Debug|Any CPU
		{E6421DA2-D2B7-4B43-B526-A440F39910F2}.Release|Any CPU.ActiveCfg = Release|Any CPU
		{E6421DA2-D2B7-4B43-B526-A440F39910F2}.Release|Any CPU.Build.0 = Release|Any CPU
		{EA4461F1-80B5-4D40-A4A2-8FE27714956D}.Debug|Any CPU.ActiveCfg = Debug|Any CPU
		{EA4461F1-80B5-4D40-A4A2-8FE27714956D}.Debug|Any CPU.Build.0 = Debug|Any CPU
		{EA4461F1-80B5-4D40-A4A2-8FE27714956D}.Release|Any CPU.ActiveCfg = Release|Any CPU
		{EA4461F1-80B5-4D40-A4A2-8FE27714956D}.Release|Any CPU.Build.0 = Release|Any CPU
	EndGlobalSection
	GlobalSection(SolutionProperties) = preSolution
		HideSolutionNode = FALSE
	EndGlobalSection
	GlobalSection(ExtensibilityGlobals) = postSolution
		SolutionGuid = {3D25F78A-6306-44CD-9C9A-A496209429E4}
	EndGlobalSection
EndGlobal
